using System;
using System.Globalization;

class Program
{
    public static void Main()
    {

        Console.Write("Digite o Tempo: ");
        float a = float.Parse(Console.ReadLine());

        Console.Write("Digite a Velocidade: ");
        float b = float.Parse(Console.ReadLine());

        float c = a * b / 12;
        Console.WriteLine("É preciso de " + c.ToString("f3",CultureInfo.InvariantCulture) + " litros");
    }
}
